# This file is @generated by PDM.
# It is not intended for manual editing.

[metadata]
groups = ["default"]
strategy = ["inherit_metadata"]
lock_version = "4.5.1"
content_hash = "sha256:e16c0d25bf5211149997f079338c3123bade19809149df44ae92f80ca32b3643"

[[metadata.targets]]
requires_python = ">=3.9"

[[package]]
name = "local-lib"
version = "0.1.0"
requires_python = ">=3.9"
path = "./local-lib"
summary = ""
groups = ["default"]
