# This file is automatically @generated by Cargo.
# It is not intended for manual editing.
version = 4

[[package]]
name = "alpha"
version = "0.3.0"
dependencies = [
 "itoa 0.1.0",
 "itoa 1.0.18",
]

[[package]]
name = "fixture-root"
version = "0.1.0"
dependencies = [
 "local-lib",
]

[[package]]
name = "gamma"
version = "0.1.0"

[[package]]
name = "hidden-tool"
version = "0.1.0"

[[package]]
name = "itoa"
version = "0.1.0"

[[package]]
name = "itoa"
version = "1.0.18"
source = "registry+https://github.com/rust-lang/crates.io-index"
checksum = "8f42a60cbdf9a97f5d2305f08a87dc4e09308d1276d28c869c684d7777685682"

[[package]]
name = "local-lib"
version = "0.1.0"
