# This file is automatically @generated by Cargo.
# It is not intended for manual editing.
version = 4

[[package]]
name = "archive-portability"
version = "0.1.0"
dependencies = [
 "archive-portability-dylib",
]

[[package]]
name = "archive-portability-dylib"
version = "0.1.0"

[[package]]
name = "archive-portability-sidecar"
version = "0.1.0"
