# This file is automatically @generated by Cargo.
# It is not intended for manual editing.
version = 4

[[package]]
name = "shared-deps-alpha"
version = "0.1.0"
dependencies = [
 "shared-deps-common",
 "shared-deps-divergent",
]

[[package]]
name = "shared-deps-beta"
version = "0.1.0"
dependencies = [
 "shared-deps-common",
 "shared-deps-divergent",
]

[[package]]
name = "shared-deps-common"
version = "0.1.0"

[[package]]
name = "shared-deps-divergent"
version = "0.1.0"
