# This file is automatically @generated by Poetry 2.5.1 and should not be changed by hand.

[[package]]
name = "local-lib"
version = "0.1.0"
description = ""
optional = false
python-versions = ">=3.9"
groups = ["main"]
files = []
develop = false

[package.source]
type = "directory"
url = "local-lib"

[metadata]
lock-version = "2.1"
python-versions = ">=3.9"
content-hash = "ec09559a27d17b1789b1eba1804d419625024c206f89e3031fe7552444f08062"
