# This file is generated by running "yarn install" inside your project.
# Manual changes might be lost - proceed with caution!

__metadata:
  version: 10
  cacheKey: 10c0

"local-lib@link:./local-lib::locator=fixture-root%40workspace%3A.":
  version: 0.0.0-use.local
  resolution: "local-lib@link:./local-lib::locator=fixture-root%40workspace%3A."
  languageName: node
  linkType: soft

"portal-lib@portal:./portal-lib::locator=fixture-root%40workspace%3A.":
  version: 0.0.0-use.local
  resolution: "portal-lib@portal:./portal-lib::locator=fixture-root%40workspace%3A."
  languageName: node
  linkType: soft
