# This file is automatically @generated by Cargo.
# It is not intended for manual editing.
version = 4

[[package]]
name = "fa-base"
version = "0.1.0"

[[package]]
name = "fa-core"
version = "0.1.0"
dependencies = [
 "fa-util",
]

[[package]]
name = "fa-owner-own"
version = "0.1.0"
dependencies = [
 "fa-core",
 "fa-twin 2.0.0",
]

[[package]]
name = "fa-owner-plain"
version = "0.1.0"
dependencies = [
 "fa-core",
 "fa-twin 1.0.0",
]

[[package]]
name = "fa-owner-third"
version = "0.1.0"
dependencies = [
 "fa-base",
 "fa-core",
]

[[package]]
name = "fa-owner-wsdep"
version = "0.1.0"
dependencies = [
 "fa-core",
 "fa-util",
]

[[package]]
name = "fa-twin"
version = "1.0.0"

[[package]]
name = "fa-twin"
version = "2.0.0"

[[package]]
name = "fa-util"
version = "0.1.0"
dependencies = [
 "fa-base",
]
